
Microsoft Visual Studio Solution File, Format Version 12.00
# Visual Studio Version 16
VisualStudioVersion = 16.0.31515.178
MinimumVisualStudioVersion = 10.0.40219.1
Project("{9A19103F-16F7-4668-BE54-9A1E7A4F7556}") = "CommanderGQL", "CommanderGQL\CommanderGQL.csproj", "{9B040CB4-4923-4A7A-8315-34A70E314C07}"
EndProject
Global
	GlobalSection(SolutionConfigurationPlatforms) = preSolution
		Debug|Any CPU = Debug|Any CPU
		Release|Any CPU = Release|Any CPU
	EndGlobalSection
	GlobalSection(ProjectConfigurationPlatforms) = postSolution
		{9B040CB4-4923-4A7A-8315-34A70E314C07}.Debug|Any CPU.ActiveCfg = Debug|Any CPU
		{9B040CB4-4923-4A7A-8315-34A70E314C07}.Debug|Any CPU.Build.0 = Debug|Any CPU
		{9B040CB4-4923-4A7A-8315-34A70E314C07}.Release|Any CPU.ActiveCfg = Release|Any CPU
		{9B040CB4-4923-4A7A-8315-34A70E314C07}.Release|Any CPU.Build.0 = Release|Any CPU
	EndGlobalSection
	GlobalSection(SolutionProperties) = preSolution
		HideSolutionNode = FALSE
	EndGlobalSection
	GlobalSection(ExtensibilityGlobals) = postSolution
		SolutionGuid = {4EB96195-7267-4521-ABF1-FFFB69260398}
	EndGlobalSection
EndGlobal
